PODS:
  - AFNetworking (2.6.3):
    - AFNetworking/NSURLConnection (= 2.6.3)
    - AFNetworking/NSURLSession (= 2.6.3)
    - AFNetworking/Reachability (= 2.6.3)
    - AFNetworking/Security (= 2.6.3)
    - AFNetworking/Serialization (= 2.6.3)
    - AFNetworking/UIKit (= 2.6.3)
  - AFNetworking/NSURLConnection (2.6.3):
    - AFNetworking/Reachability
    - AFNetworking/Security
    - AFNetworking/Serialization
  - AFNetworking/NSURLSession (2.6.3):
    - AFNetworking/Reachability
    - AFNetworking/Security
    - AFNetworking/Serialization
  - AFNetworking/Reachability (2.6.3)
  - AFNetworking/Security (2.6.3)
  - AFNetworking/Serialization (2.6.3)
  - AFNetworking/UIKit (2.6.3):
    - AFNetworking/NSURLConnection
    - AFNetworking/NSURLSession
  - MBProgressHUD (0.9.1)
  - RaptureXML (1.0.1)
  - SSZipArchive (0.3.2)

DEPENDENCIES:
  - AFNetworking (~> 2.6.3)
  - MBProgressHUD
  - RaptureXML
  - SSZipArchive

SPEC REPOS:
  https://github.com/cocoapods/specs.git:
    - AFNetworking
    - MBProgressHUD
    - RaptureXML
    - SSZipArchive

SPEC CHECKSUMS:
  AFNetworking: cb8d14a848e831097108418f5d49217339d4eb60
  MBProgressHUD: c47f2c166c126cf2ce36498d80f33e754d4e93ad
  RaptureXML: b5c33c04c1a4adfd8ad0d5463329a31820596e82
  SSZipArchive: 11801759495fa4efb7512ef652eb0042d68305d7

PODFILE CHECKSUM: cb6b056280d4272b78a060515600936aaa13f308

COCOAPODS: 1.5.3
